
Microsoft Visual Studio Solution File, Format Version 12.00
# Visual Studio Version 17
VisualStudioVersion = 17.7.34031.279
MinimumVisualStudioVersion = 10.0.40219.1
Project("{9A19103F-16F7-4668-BE54-9A1E7A4F7556}") = "eShop.Web", "src\eShop.Web\eShop.Web.csproj", "{163F5A1F-F2DB-4939-8CE7-E20904063691}"
EndProject
Project("{2150E333-8FDC-42A3-9474-1A3956D46DE8}") = "0 - Specification", "0 - Specification", "{38926124-F496-4277-8CA5-347930B359A1}"
EndProject
Project("{2150E333-8FDC-42A3-9474-1A3956D46DE8}") = "1 - Presentation", "1 - Presentation", "{85529EA7-6C5D-4C54-A391-23981144F593}"
EndProject
Project("{2150E333-8FDC-42A3-9474-1A3956D46DE8}") = "2 - Application", "2 - Application", "{1E80BDB3-0076-416B-8F34-EF6924155860}"
EndProject
Project("{2150E333-8FDC-42A3-9474-1A3956D46DE8}") = "3 - Domain", "3 - Domain", "{91F34870-8890-4011-98B3-A763D56E51B8}"
EndProject
Project("{2150E333-8FDC-42A3-9474-1A3956D46DE8}") = "4 - Infrastructure", "4 - Infrastructure", "{C69B71D9-3375-41DD-B6DA-8B997DFCE620}"
EndProject
Project("{2150E333-8FDC-42A3-9474-1A3956D46DE8}") = "5 - Cross-Cutting", "5 - Cross-Cutting", "{531ADE57-8C0A-49A3-B443-AB07D1600923}"
EndProject
Project("{2150E333-8FDC-42A3-9474-1A3956D46DE8}") = "6 - External Dependencies", "6 - External Dependencies", "{ED0B6FF5-3C76-43AE-86BA-F15E7A7EB2F3}"
EndProject
Project("{2150E333-8FDC-42A3-9474-1A3956D46DE8}") = "7 - Documentation", "7 - Documentation", "{B89C1D75-F2DB-422E-94A4-5AE0E7F25E16}"
EndProject
Project("{9A19103F-16F7-4668-BE54-9A1E7A4F7556}") = "eShop.Web_Admin", "src\eShop.Web_Admin\eShop.Web_Admin.csproj", "{6869DA22-2A21-4044-B7B8-A5C83B37D44A}"
EndProject
Project("{2150E333-8FDC-42A3-9474-1A3956D46DE8}") = "Data Services", "Data Services", "{6182F47F-204E-416F-BADB-721FA0534939}"
EndProject
Project("{9A19103F-16F7-4668-BE54-9A1E7A4F7556}") = "eShop.EntityFrameworkCore.SqlServer", "src\eShop.EntityFrameworkCore.SqlServer\eShop.EntityFrameworkCore.SqlServer.csproj", "{B401C105-DD46-4EED-A453-5B15C33E2565}"
EndProject
Project("{9A19103F-16F7-4668-BE54-9A1E7A4F7556}") = "eShop.Web.Tests", "tests\eShop.Web.Tests\eShop.Web.Tests.csproj", "{89461E79-543F-47D0-9A16-03DDBB92438D}"
EndProject
Project("{9A19103F-16F7-4668-BE54-9A1E7A4F7556}") = "eShop.ApplicationModel", "src\eShop.ApplicationModel\eShop.ApplicationModel.csproj", "{759F2CF6-B72C-4536-863B-6B525D880D48}"
EndProject
Project("{9A19103F-16F7-4668-BE54-9A1E7A4F7556}") = "eShop.DomainModel", "src\eShop.DomainModel\eShop.DomainModel.csproj", "{AE0FC807-D3D1-42C4-A24C-97247114D819}"
EndProject
Project("{9A19103F-16F7-4668-BE54-9A1E7A4F7556}") = "eShop.DomainModel.Tests", "tests\eShop.DomainModel.Tests\eShop.DomainModel.Tests.csproj", "{1952DDAA-A86F-4379-8410-9AC4B8E19537}"
EndProject
Project("{9A19103F-16F7-4668-BE54-9A1E7A4F7556}") = "eShop.Specs", "specs\eShop.Specs\eShop.Specs.csproj", "{B6782881-37EA-444B-957C-E6A38AD6B398}"
EndProject
Project("{FAE04EC0-301F-11D3-BF4B-00C04F79EFBC}") = "eShop.DataModel", "src\eShop.DataModel\eShop.DataModel.csproj", "{500D7469-F72D-49BF-B003-0B0A39B3073C}"
EndProject
Global
	GlobalSection(SolutionConfigurationPlatforms) = preSolution
		Debug|Any CPU = Debug|Any CPU
		Release|Any CPU = Release|Any CPU
	EndGlobalSection
	GlobalSection(ProjectConfigurationPlatforms) = postSolution
		{163F5A1F-F2DB-4939-8CE7-E20904063691}.Debug|Any CPU.ActiveCfg = Debug|Any CPU
		{163F5A1F-F2DB-4939-8CE7-E20904063691}.Debug|Any CPU.Build.0 = Debug|Any CPU
		{163F5A1F-F2DB-4939-8CE7-E20904063691}.Release|Any CPU.ActiveCfg = Release|Any CPU
		{163F5A1F-F2DB-4939-8CE7-E20904063691}.Release|Any CPU.Build.0 = Release|Any CPU
		{6869DA22-2A21-4044-B7B8-A5C83B37D44A}.Debug|Any CPU.ActiveCfg = Debug|Any CPU
		{6869DA22-2A21-4044-B7B8-A5C83B37D44A}.Debug|Any CPU.Build.0 = Debug|Any CPU
		{6869DA22-2A21-4044-B7B8-A5C83B37D44A}.Release|Any CPU.ActiveCfg = Release|Any CPU
		{6869DA22-2A21-4044-B7B8-A5C83B37D44A}.Release|Any CPU.Build.0 = Release|Any CPU
		{B401C105-DD46-4EED-A453-5B15C33E2565}.Debug|Any CPU.ActiveCfg = Debug|Any CPU
		{B401C105-DD46-4EED-A453-5B15C33E2565}.Debug|Any CPU.Build.0 = Debug|Any CPU
		{B401C105-DD46-4EED-A453-5B15C33E2565}.Release|Any CPU.ActiveCfg = Release|Any CPU
		{B401C105-DD46-4EED-A453-5B15C33E2565}.Release|Any CPU.Build.0 = Release|Any CPU
		{89461E79-543F-47D0-9A16-03DDBB92438D}.Debug|Any CPU.ActiveCfg = Debug|Any CPU
		{89461E79-543F-47D0-9A16-03DDBB92438D}.Debug|Any CPU.Build.0 = Debug|Any CPU
		{89461E79-543F-47D0-9A16-03DDBB92438D}.Release|Any CPU.ActiveCfg = Release|Any CPU
		{89461E79-543F-47D0-9A16-03DDBB92438D}.Release|Any CPU.Build.0 = Release|Any CPU
		{759F2CF6-B72C-4536-863B-6B525D880D48}.Debug|Any CPU.ActiveCfg = Debug|Any CPU
		{759F2CF6-B72C-4536-863B-6B525D880D48}.Debug|Any CPU.Build.0 = Debug|Any CPU
		{759F2CF6-B72C-4536-863B-6B525D880D48}.Release|Any CPU.ActiveCfg = Release|Any CPU
		{759F2CF6-B72C-4536-863B-6B525D880D48}.Release|Any CPU.Build.0 = Release|Any CPU
		{AE0FC807-D3D1-42C4-A24C-97247114D819}.Debug|Any CPU.ActiveCfg = Debug|Any CPU
		{AE0FC807-D3D1-42C4-A24C-97247114D819}.Debug|Any CPU.Build.0 = Debug|Any CPU
		{AE0FC807-D3D1-42C4-A24C-97247114D819}.Release|Any CPU.ActiveCfg = Release|Any CPU
		{AE0FC807-D3D1-42C4-A24C-97247114D819}.Release|Any CPU.Build.0 = Release|Any CPU
		{1952DDAA-A86F-4379-8410-9AC4B8E19537}.Debug|Any CPU.ActiveCfg = Debug|Any CPU
		{1952DDAA-A86F-4379-8410-9AC4B8E19537}.Debug|Any CPU.Build.0 = Debug|Any CPU
		{1952DDAA-A86F-4379-8410-9AC4B8E19537}.Release|Any CPU.ActiveCfg = Release|Any CPU
		{1952DDAA-A86F-4379-8410-9AC4B8E19537}.Release|Any CPU.Build.0 = Release|Any CPU
		{B6782881-37EA-444B-957C-E6A38AD6B398}.Debug|Any CPU.ActiveCfg = Debug|Any CPU
		{B6782881-37EA-444B-957C-E6A38AD6B398}.Debug|Any CPU.Build.0 = Debug|Any CPU
		{B6782881-37EA-444B-957C-E6A38AD6B398}.Release|Any CPU.ActiveCfg = Release|Any CPU
		{B6782881-37EA-444B-957C-E6A38AD6B398}.Release|Any CPU.Build.0 = Release|Any CPU
		{500D7469-F72D-49BF-B003-0B0A39B3073C}.Debug|Any CPU.ActiveCfg = Debug|Any CPU
		{500D7469-F72D-49BF-B003-0B0A39B3073C}.Debug|Any CPU.Build.0 = Debug|Any CPU
		{500D7469-F72D-49BF-B003-0B0A39B3073C}.Release|Any CPU.ActiveCfg = Release|Any CPU
		{500D7469-F72D-49BF-B003-0B0A39B3073C}.Release|Any CPU.Build.0 = Release|Any CPU
	EndGlobalSection
	GlobalSection(SolutionProperties) = preSolution
		HideSolutionNode = FALSE
	EndGlobalSection
	GlobalSection(NestedProjects) = preSolution
		{163F5A1F-F2DB-4939-8CE7-E20904063691} = {85529EA7-6C5D-4C54-A391-23981144F593}
		{6869DA22-2A21-4044-B7B8-A5C83B37D44A} = {85529EA7-6C5D-4C54-A391-23981144F593}
		{6182F47F-204E-416F-BADB-721FA0534939} = {C69B71D9-3375-41DD-B6DA-8B997DFCE620}
		{B401C105-DD46-4EED-A453-5B15C33E2565} = {6182F47F-204E-416F-BADB-721FA0534939}
		{89461E79-543F-47D0-9A16-03DDBB92438D} = {85529EA7-6C5D-4C54-A391-23981144F593}
		{759F2CF6-B72C-4536-863B-6B525D880D48} = {1E80BDB3-0076-416B-8F34-EF6924155860}
		{AE0FC807-D3D1-42C4-A24C-97247114D819} = {91F34870-8890-4011-98B3-A763D56E51B8}
		{1952DDAA-A86F-4379-8410-9AC4B8E19537} = {91F34870-8890-4011-98B3-A763D56E51B8}
		{B6782881-37EA-444B-957C-E6A38AD6B398} = {38926124-F496-4277-8CA5-347930B359A1}
		{500D7469-F72D-49BF-B003-0B0A39B3073C} = {531ADE57-8C0A-49A3-B443-AB07D1600923}
	EndGlobalSection
	GlobalSection(ExtensibilityGlobals) = postSolution
		SolutionGuid = {F453850F-3D61-4C1F-A260-741EB7EF4CC7}
	EndGlobalSection
EndGlobal
